
Microsoft Visual Studio Solution File, Format Version 12.00
# Visual Studio Version 16
VisualStudioVersion = 16.0.30907.101
MinimumVisualStudioVersion = 10.0.40219.1
Project("{9A19103F-16F7-4668-BE54-9A1E7A4F7556}") = "Entities", "Entities\Entities.csproj", "{0A70DDA0-D824-456F-87F9-DE945ADB32EA}"
EndProject
Project("{9A19103F-16F7-4668-BE54-9A1E7A4F7556}") = "DataAccess", "DataAccess,\DataAccess.csproj", "{B2B99177-84F5-4563-B077-6C4DAE688DDE}"
EndProject
Project("{9A19103F-16F7-4668-BE54-9A1E7A4F7556}") = "Business", "Business\Business.csproj", "{8F8E407C-4EF5-432F-A7AF-ADC62F6D2011}"
EndProject
Project("{9A19103F-16F7-4668-BE54-9A1E7A4F7556}") = "ConsoleUP", "ConsoleUP\ConsoleUP.csproj", "{E39C881E-8A95-4467-80C0-122A3DB57AAF}"
EndProject
Global
	GlobalSection(SolutionConfigurationPlatforms) = preSolution
		Debug|Any CPU = Debug|Any CPU
		Release|Any CPU = Release|Any CPU
	EndGlobalSection
	GlobalSection(ProjectConfigurationPlatforms) = postSolution
		{0A70DDA0-D824-456F-87F9-DE945ADB32EA}.Debug|Any CPU.ActiveCfg = Debug|Any CPU
		{0A70DDA0-D824-456F-87F9-DE945ADB32EA}.Debug|Any CPU.Build.0 = Debug|Any CPU
		{0A70DDA0-D824-456F-87F9-DE945ADB32EA}.Release|Any CPU.ActiveCfg = Release|Any CPU
		{0A70DDA0-D824-456F-87F9-DE945ADB32EA}.Release|Any CPU.Build.0 = Release|Any CPU
		{B2B99177-84F5-4563-B077-6C4DAE688DDE}.Debug|Any CPU.ActiveCfg = Debug|Any CPU
		{B2B99177-84F5-4563-B077-6C4DAE688DDE}.Debug|Any CPU.Build.0 = Debug|Any CPU
		{B2B99177-84F5-4563-B077-6C4DAE688DDE}.Release|Any CPU.ActiveCfg = Release|Any CPU
		{B2B99177-84F5-4563-B077-6C4DAE688DDE}.Release|Any CPU.Build.0 = Release|Any CPU
		{8F8E407C-4EF5-432F-A7AF-ADC62F6D2011}.Debug|Any CPU.ActiveCfg = Debug|Any CPU
		{8F8E407C-4EF5-432F-A7AF-ADC62F6D2011}.Debug|Any CPU.Build.0 = Debug|Any CPU
		{8F8E407C-4EF5-432F-A7AF-ADC62F6D2011}.Release|Any CPU.ActiveCfg = Release|Any CPU
		{8F8E407C-4EF5-432F-A7AF-ADC62F6D2011}.Release|Any CPU.Build.0 = Release|Any CPU
		{E39C881E-8A95-4467-80C0-122A3DB57AAF}.Debug|Any CPU.ActiveCfg = Debug|Any CPU
		{E39C881E-8A95-4467-80C0-122A3DB57AAF}.Debug|Any CPU.Build.0 = Debug|Any CPU
		{E39C881E-8A95-4467-80C0-122A3DB57AAF}.Release|Any CPU.ActiveCfg = Release|Any CPU
		{E39C881E-8A95-4467-80C0-122A3DB57AAF}.Release|Any CPU.Build.0 = Release|Any CPU
	EndGlobalSection
	GlobalSection(SolutionProperties) = preSolution
		HideSolutionNode = FALSE
	EndGlobalSection
	GlobalSection(ExtensibilityGlobals) = postSolution
		SolutionGuid = {0184F87B-1421-478C-8ACE-0BA19D31633E}
	EndGlobalSection
EndGlobal
